<Solution>
  <Configurations>
    <Platform Name="Any CPU" />
    <Platform Name="x64" />
  </Configurations>
  <Project Path="LeadFlow.Tests/LeadFlow.Tests.csproj" />
  <Project Path="LeadFlow/LeadFlow.csproj">
    <Platform Solution="*|x64" Project="x64" />
  </Project>
  <Project Path="Orbita.Contracts/Orbita.Contracts.csproj" />
  <Project Path="Orbita.Api/Orbita.Api.csproj" />
  <Project Path="Orbita.Web/Orbita.Web.csproj" />
  <Project Path="Orbita.Tests/Orbita.Tests.csproj" />
  <Project Path="tools/OrbitaMockWorker/OrbitaMockWorker.csproj" />
</Solution>